
Microsoft Visual Studio Solution File, Format Version 12.00
# Visual Studio Version 17
VisualStudioVersion = 17.2.32616.157
MinimumVisualStudioVersion = 10.0.40219.1
Project("{FAE04EC0-301F-11D3-BF4B-00C04F79EFBC}") = "WindowsServiceExample", "WindowsServiceExample\WindowsServiceExample.csproj", "{A2004CC3-B20E-4204-8EB4-63345BD3DED7}"
EndProject
Global
	GlobalSection(SolutionConfigurationPlatforms) = preSolution
		Debug|Any CPU = Debug|Any CPU
		Release|Any CPU = Release|Any CPU
	EndGlobalSection
	GlobalSection(ProjectConfigurationPlatforms) = postSolution
		{A2004CC3-B20E-4204-8EB4-63345BD3DED7}.Debug|Any CPU.ActiveCfg = Debug|Any CPU
		{A2004CC3-B20E-4204-8EB4-63345BD3DED7}.Debug|Any CPU.Build.0 = Debug|Any CPU
		{A2004CC3-B20E-4204-8EB4-63345BD3DED7}.Release|Any CPU.ActiveCfg = Release|Any CPU
		{A2004CC3-B20E-4204-8EB4-63345BD3DED7}.Release|Any CPU.Build.0 = Release|Any CPU
	EndGlobalSection
	GlobalSection(SolutionProperties) = preSolution
		HideSolutionNode = FALSE
	EndGlobalSection
	GlobalSection(ExtensibilityGlobals) = postSolution
		SolutionGuid = {BF0AA2CC-4B57-423F-A290-FC3AA89EA30E}
	EndGlobalSection
EndGlobal
